// !$*UTF8*$!
{
	archiveVersion = 1;
	classes = {
	};
	objectVersion = 48;
	objects = {

/* Begin PBXBuildFile section */
		9C1B3A6C20637F0300015159 /* AppDelegate.swift in Sources */ = {isa = PBXBuildFile; fileRef = 9C1B3A6B20637F0300015159 /* AppDelegate.swift */; };
		9C1B3A6E20637F0300015159 /* FriendsViewController.swift in Sources */ = {isa = PBXBuildFile; fileRef = 9C1B3A6D20637F0300015159 /* FriendsViewController.swift */; };
		9C1B3A7120637F0300015159 /* Main.storyboard in Resources */ = {isa = PBXBuildFile; fileRef = 9C1B3A6F20637F0300015159 /* Main.storyboard */; };
		9C1B3A7320637F0300015159 /* Assets.xcassets in Resources */ = {isa = PBXBuildFile; fileRef = 9C1B3A7220637F0300015159 /* Assets.xcassets */; };
		9C1B3A7620637F0300015159 /* LaunchScreen.storyboard in Resources */ = {isa = PBXBuildFile; fileRef = 9C1B3A7420637F0300015159 /* LaunchScreen.storyboard */; };
		9C1B3A7E2063D5BE00015159 /* FriendsViewControllerHelper.swift in Sources */ = {isa = PBXBuildFile; fileRef = 9C1B3A7D2063D5BE00015159 /* FriendsViewControllerHelper.swift */; };
		9C1B3A812063DBF600015159 /* FBMessanger.xcdatamodeld in Sources */ = {isa = PBXBuildFile; fileRef = 9C1B3A7F2063DBF600015159 /* FBMessanger.xcdatamodeld */; };
		9C1B3ABE2064193D00015159 /* ChatLogViewController.swift in Sources */ = {isa = PBXBuildFile; fileRef = 9C1B3ABD2064193D00015159 /* ChatLogViewController.swift */; };
		9C22563D2064AC8A008EBBA2 /* CustomTabBarController.swift in Sources */ = {isa = PBXBuildFile; fileRef = 9C22563C2064AC8A008EBBA2 /* CustomTabBarController.swift */; };
		9C3F34892064EE9000ABA5A5 /* Friend+CoreDataClass.swift in Sources */ = {isa = PBXBuildFile; fileRef = 9C3F34852064EE9000ABA5A5 /* Friend+CoreDataClass.swift */; };
		9C3F348A2064EE9000ABA5A5 /* Friend+CoreDataProperties.swift in Sources */ = {isa = PBXBuildFile; fileRef = 9C3F34862064EE9000ABA5A5 /* Friend+CoreDataProperties.swift */; };
		9C3F348B2064EE9000ABA5A5 /* Message+CoreDataClass.swift in Sources */ = {isa = PBXBuildFile; fileRef = 9C3F34872064EE9000ABA5A5 /* Message+CoreDataClass.swift */; };
		9C3F348C2064EE9000ABA5A5 /* Message+CoreDataProperties.swift in Sources */ = {isa = PBXBuildFile; fileRef = 9C3F34882064EE9000ABA5A5 /* Message+CoreDataProperties.swift */; };
/* End PBXBuildFile section */

/* Begin PBXFileReference section */
		9C1B3A6820637F0300015159 /* FBMessanger.app */ = {isa = PBXFileReference; explicitFileType = wrapper.application; includeInIndex = 0; path = FBMessanger.app; sourceTree = BUILT_PRODUCTS_DIR; };
		9C1B3A6B20637F0300015159 /* AppDelegate.swift */ = {isa = PBXFileReference; lastKnownFileType = sourcecode.swift; path = AppDelegate.swift; sourceTree = "<group>"; };
		9C1B3A6D20637F0300015159 /* FriendsViewController.swift */ = {isa = PBXFileReference; lastKnownFileType = sourcecode.swift; path = FriendsViewController.swift; sourceTree = "<group>"; };
		9C1B3A7020637F0300015159 /* Base */ = {isa = PBXFileReference; lastKnownFileType = file.storyboard; name = Base; path = Base.lproj/Main.storyboard; sourceTree = "<group>"; };
		9C1B3A7220637F0300015159 /* Assets.xcassets */ = {isa = PBXFileReference; lastKnownFileType = folder.assetcatalog; path = Assets.xcassets; sourceTree = "<group>"; };
		9C1B3A7520637F0300015159 /* Base */ = {isa = PBXFileReference; lastKnownFileType = file.storyboard; name = Base; path = Base.lproj/LaunchScreen.storyboard; sourceTree = "<group>"; };
		9C1B3A7720637F0300015159 /* Info.plist */ = {isa = PBXFileReference; lastKnownFileType = text.plist.xml; path = Info.plist; sourceTree = "<group>"; };
		9C1B3A7D2063D5BE00015159 /* FriendsViewControllerHelper.swift */ = {isa = PBXFileReference; lastKnownFileType = sourcecode.swift; path = FriendsViewControllerHelper.swift; sourceTree = "<group>"; };
		9C1B3A802063DBF600015159 /* FBMessanger.xcdatamodel */ = {isa = PBXFileReference; lastKnownFileType = wrapper.xcdatamodel; path = FBMessanger.xcdatamodel; sourceTree = "<group>"; };
		9C1B3ABD2064193D00015159 /* ChatLogViewController.swift */ = {isa = PBXFileReference; lastKnownFileType = sourcecode.swift; path = ChatLogViewController.swift; sourceTree = "<group>"; };
		9C22563C2064AC8A008EBBA2 /* CustomTabBarController.swift */ = {isa = PBXFileReference; lastKnownFileType = sourcecode.swift; path = CustomTabBarController.swift; sourceTree = "<group>"; };
		9C3F34852064EE9000ABA5A5 /* Friend+CoreDataClass.swift */ = {isa = PBXFileReference; lastKnownFileType = sourcecode.swift; name = "Friend+CoreDataClass.swift"; path = "FBMessanger/Friend+CoreDataClass.swift"; sourceTree = "<group>"; };
		9C3F34862064EE9000ABA5A5 /* Friend+CoreDataProperties.swift */ = {isa = PBXFileReference; lastKnownFileType = sourcecode.swift; name = "Friend+CoreDataProperties.swift"; path = "FBMessanger/Friend+CoreDataProperties.swift"; sourceTree = "<group>"; };
		9C3F34872064EE9000ABA5A5 /* Message+CoreDataClass.swift */ = {isa = PBXFileReference; lastKnownFileType = sourcecode.swift; name = "Message+CoreDataClass.swift"; path = "FBMessanger/Message+CoreDataClass.swift"; sourceTree = "<group>"; };
		9C3F34882064EE9000ABA5A5 /* Message+CoreDataProperties.swift */ = {isa = PBXFileReference; lastKnownFileType = sourcecode.swift; name = "Message+CoreDataProperties.swift"; path = "FBMessanger/Message+CoreDataProperties.swift"; sourceTree = "<group>"; };
/* End PBXFileReference section */

/* Begin PBXFrameworksBuildPhase section */
		9C1B3A6520637F0300015159 /* Frameworks */ = {
			isa = PBXFrameworksBuildPhase;
			buildActionMask = 2147483647;
			files = (
			);
			runOnlyForDeploymentPostprocessing = 0;
		};
/* End PBXFrameworksBuildPhase section */

/* Begin PBXGroup section */
		9C1B3A5F20637F0300015159 = {
			isa = PBXGroup;
			children = (
				9C3F34852064EE9000ABA5A5 /* Friend+CoreDataClass.swift */,
				9C3F34862064EE9000ABA5A5 /* Friend+CoreDataProperties.swift */,
				9C3F34872064EE9000ABA5A5 /* Message+CoreDataClass.swift */,
				9C3F34882064EE9000ABA5A5 /* Message+CoreDataProperties.swift */,
				9C1B3A6A20637F0300015159 /* FBMessanger */,
				9C1B3A6920637F0300015159 /* Products */,
			);
			sourceTree = "<group>";
		};
		9C1B3A6920637F0300015159 /* Products */ = {
			isa = PBXGroup;
			children = (
				9C1B3A6820637F0300015159 /* FBMessanger.app */,
			);
			name = Products;
			sourceTree = "<group>";
		};
		9C1B3A6A20637F0300015159 /* FBMessanger */ = {
			isa = PBXGroup;
			children = (
				9C1B3A6B20637F0300015159 /* AppDelegate.swift */,
				9C1B3A6D20637F0300015159 /* FriendsViewController.swift */,
				9C1B3A7D2063D5BE00015159 /* FriendsViewControllerHelper.swift */,
				9C1B3ABD2064193D00015159 /* ChatLogViewController.swift */,
				9C22563C2064AC8A008EBBA2 /* CustomTabBarController.swift */,
				9C1B3A7720637F0300015159 /* Info.plist */,
				9C1B3A6F20637F0300015159 /* Main.storyboard */,
				9C1B3A7220637F0300015159 /* Assets.xcassets */,
				9C1B3A7420637F0300015159 /* LaunchScreen.storyboard */,
				9C1B3A7F2063DBF600015159 /* FBMessanger.xcdatamodeld */,
			);
			path = FBMessanger;
			sourceTree = "<group>";
		};
/* End PBXGroup section */

/* Begin PBXNativeTarget section */
		9C1B3A6720637F0300015159 /* FBMessanger */ = {
			isa = PBXNativeTarget;
			buildConfigurationList = 9C1B3A7A20637F0300015159 /* Build configuration list for PBXNativeTarget "FBMessanger" */;
			buildPhases = (
				9C1B3A6420637F0300015159 /* Sources */,
				9C1B3A6520637F0300015159 /* Frameworks */,
				9C1B3A6620637F0300015159 /* Resources */,
			);
			buildRules = (
			);
			dependencies = (
			);
			name = FBMessanger;
			productName = FBMessanger;
			productReference = 9C1B3A6820637F0300015159 /* FBMessanger.app */;
			productType = "com.apple.product-type.application";
		};
/* End PBXNativeTarget section */

/* Begin PBXProject section */
		9C1B3A6020637F0300015159 /* Project object */ = {
			isa = PBXProject;
			attributes = {
				LastSwiftUpdateCheck = 0920;
				LastUpgradeCheck = 0920;
				ORGANIZATIONNAME = "SEUNG-WON KIM";
				TargetAttributes = {
					9C1B3A6720637F0300015159 = {
						CreatedOnToolsVersion = 9.2;
						ProvisioningStyle = Automatic;
					};
				};
			};
			buildConfigurationList = 9C1B3A6320637F0300015159 /* Build configuration list for PBXProject "FBMessanger" */;
			compatibilityVersion = "Xcode 8.0";
			developmentRegion = en;
			hasScannedForEncodings = 0;
			knownRegions = (
				en,
				Base,
			);
			mainGroup = 9C1B3A5F20637F0300015159;
			productRefGroup = 9C1B3A6920637F0300015159 /* Products */;
			projectDirPath = "";
			projectRoot = "";
			targets = (
				9C1B3A6720637F0300015159 /* FBMessanger */,
			);
		};
/* End PBXProject section */

/* Begin PBXResourcesBuildPhase section */
		9C1B3A6620637F0300015159 /* Resources */ = {
			isa = PBXResourcesBuildPhase;
			buildActionMask = 2147483647;
			files = (
				9C1B3A7620637F0300015159 /* LaunchScreen.storyboard in Resources */,
				9C1B3A7320637F0300015159 /* Assets.xcassets in Resources */,
				9C1B3A7120637F0300015159 /* Main.storyboard in Resources */,
			);
			runOnlyForDeploymentPostprocessing = 0;
		};
/* End PBXResourcesBuildPhase section */

/* Begin PBXSourcesBuildPhase section */
		9C1B3A6420637F0300015159 /* Sources */ = {
			isa = PBXSourcesBuildPhase;
			buildActionMask = 2147483647;
			files = (
				9C3F348B2064EE9000ABA5A5 /* Message+CoreDataClass.swift in Sources */,
				9C1B3A6E20637F0300015159 /* FriendsViewController.swift in Sources */,
				9C22563D2064AC8A008EBBA2 /* CustomTabBarController.swift in Sources */,
				9C1B3A812063DBF600015159 /* FBMessanger.xcdatamodeld in Sources */,
				9C1B3A6C20637F0300015159 /* AppDelegate.swift in Sources */,
				9C1B3A7E2063D5BE00015159 /* FriendsViewControllerHelper.swift in Sources */,
				9C3F348A2064EE9000ABA5A5 /* Friend+CoreDataProperties.swift in Sources */,
				9C3F34892064EE9000ABA5A5 /* Friend+CoreDataClass.swift in Sources */,
				9C3F348C2064EE9000ABA5A5 /* Message+CoreDataProperties.swift in Sources */,
				9C1B3ABE2064193D00015159 /* ChatLogViewController.swift in Sources */,
			);
			runOnlyForDeploymentPostprocessing = 0;
		};
/* End PBXSourcesBuildPhase section */

/* Begin PBXVariantGroup section */
		9C1B3A6F20637F0300015159 /* Main.storyboard */ = {
			isa = PBXVariantGroup;
			children = (
				9C1B3A7020637F0300015159 /* Base */,
			);
			name = Main.storyboard;
			sourceTree = "<group>";
		};
		9C1B3A7420637F0300015159 /* LaunchScreen.storyboard */ = {
			isa = PBXVariantGroup;
			children = (
				9C1B3A7520637F0300015159 /* Base */,
			);
			name = LaunchScreen.storyboard;
			sourceTree = "<group>";
		};
/* End PBXVariantGroup section */

/* Begin XCBuildConfiguration section */
		9C1B3A7820637F0300015159 /* Debug */ = {
			isa = XCBuildConfiguration;
			buildSettings = {
				ALWAYS_SEARCH_USER_PATHS = NO;
				CLANG_ANALYZER_NONNULL = YES;
				CLANG_ANALYZER_NUMBER_OBJECT_CONVERSION = YES_AGGRESSIVE;
				CLANG_CXX_LANGUAGE_STANDARD = "gnu++14";
				CLANG_CXX_LIBRARY = "libc++";
				CLANG_ENABLE_MODULES = YES;
				CLANG_ENABLE_OBJC_ARC = YES;
				CLANG_WARN_BLOCK_CAPTURE_AUTORELEASING = YES;
				CLANG_WARN_BOOL_CONVERSION = YES;
				CLANG_WARN_COMMA = YES;
				CLANG_WARN_CONSTANT_CONVERSION = YES;
				CLANG_WARN_DIRECT_OBJC_ISA_USAGE = YES_ERROR;
				CLANG_WARN_DOCUMENTATION_COMMENTS = YES;
				CLANG_WARN_EMPTY_BODY = YES;
				CLANG_WARN_ENUM_CONVERSION = YES;
				CLANG_WARN_INFINITE_RECURSION = YES;
				CLANG_WARN_INT_CONVERSION = YES;
				CLANG_WARN_NON_LITERAL_NULL_CONVERSION = YES;
				CLANG_WARN_OBJC_LITERAL_CONVERSION = YES;
				CLANG_WARN_OBJC_ROOT_CLASS = YES_ERROR;
				CLANG_WARN_RANGE_LOOP_ANALYSIS = YES;
				CLANG_WARN_STRICT_PROTOTYPES = YES;
				CLANG_WARN_SUSPICIOUS_MOVE = YES;
				CLANG_WARN_UNGUARDED_AVAILABILITY = YES_AGGRESSIVE;
				CLANG_WARN_UNREACHABLE_CODE = YES;
				CLANG_WARN__DUPLICATE_METHOD_MATCH = YES;
				CODE_SIGN_IDENTITY = "iPhone Developer";
				COPY_PHASE_STRIP = NO;
				DEBUG_INFORMATION_FORMAT = dwarf;
				ENABLE_STRICT_OBJC_MSGSEND = YES;
				ENABLE_TESTABILITY = YES;
				GCC_C_LANGUAGE_STANDARD = gnu11;
				GCC_DYNAMIC_NO_PIC = NO;
				GCC_NO_COMMON_BLOCKS = YES;
				GCC_OPTIMIZATION_LEVEL = 0;
				GCC_PREPROCESSOR_DEFINITIONS = (
					"DEBUG=1",
					"$(inherited)",
				);
				GCC_WARN_64_TO_32_BIT_CONVERSION = YES;
				GCC_WARN_ABOUT_RETURN_TYPE = YES_ERROR;
				GCC_WARN_UNDECLARED_SELECTOR = YES;
				GCC_WARN_UNINITIALIZED_AUTOS = YES_AGGRESSIVE;
				GCC_WARN_UNUSED_FUNCTION = YES;
				GCC_WARN_UNUSED_VARIABLE = YES;
				IPHONEOS_DEPLOYMENT_TARGET = 11.2;
				MTL_ENABLE_DEBUG_INFO = YES;
				ONLY_ACTIVE_ARCH = YES;
				SDKROOT = iphoneos;
				SWIFT_ACTIVE_COMPILATION_CONDITIONS = DEBUG;
				SWIFT_OPTIMIZATION_LEVEL = "-Onone";
			};
			name = Debug;
		};
		9C1B3A7920637F0300015159 /* Release */ = {
			isa = XCBuildConfiguration;
			buildSettings = {
				ALWAYS_SEARCH_USER_PATHS = NO;
				CLANG_ANALYZER_NONNULL = YES;
				CLANG_ANALYZER_NUMBER_OBJECT_CONVERSION = YES_AGGRESSIVE;
				CLANG_CXX_LANGUAGE_STANDARD = "gnu++14";
				CLANG_CXX_LIBRARY = "libc++";
				CLANG_ENABLE_MODULES = YES;
				CLANG_ENABLE_OBJC_ARC = YES;
				CLANG_WARN_BLOCK_CAPTURE_AUTORELEASING = YES;
				CLANG_WARN_BOOL_CONVERSION = YES;
				CLANG_WARN_COMMA = YES;
				CLANG_WARN_CONSTANT_CONVERSION = YES;
				CLANG_WARN_DIRECT_OBJC_ISA_USAGE = YES_ERROR;
				CLANG_WARN_DOCUMENTATION_COMMENTS = YES;
				CLANG_WARN_EMPTY_BODY = YES;
				CLANG_WARN_ENUM_CONVERSION = YES;
				CLANG_WARN_INFINITE_RECURSION = YES;
				CLANG_WARN_INT_CONVERSION = YES;
				CLANG_WARN_NON_LITERAL_NULL_CONVERSION = YES;
				CLANG_WARN_OBJC_LITERAL_CONVERSION = YES;
				CLANG_WARN_OBJC_ROOT_CLASS = YES_ERROR;
				CLANG_WARN_RANGE_LOOP_ANALYSIS = YES;
				CLANG_WARN_STRICT_PROTOTYPES = YES;
				CLANG_WARN_SUSPICIOUS_MOVE = YES;
				CLANG_WARN_UNGUARDED_AVAILABILITY = YES_AGGRESSIVE;
				CLANG_WARN_UNREACHABLE_CODE = YES;
				CLANG_WARN__DUPLICATE_METHOD_MATCH = YES;
				CODE_SIGN_IDENTITY = "iPhone Developer";
				COPY_PHASE_STRIP = NO;
				DEBUG_INFORMATION_FORMAT = "dwarf-with-dsym";
				ENABLE_NS_ASSERTIONS = NO;
				ENABLE_STRICT_OBJC_MSGSEND = YES;
				GCC_C_LANGUAGE_STANDARD = gnu11;
				GCC_NO_COMMON_BLOCKS = YES;
				GCC_WARN_64_TO_32_BIT_CONVERSION = YES;
				GCC_WARN_ABOUT_RETURN_TYPE = YES_ERROR;
				GCC_WARN_UNDECLARED_SELECTOR = YES;
				GCC_WARN_UNINITIALIZED_AUTOS = YES_AGGRESSIVE;
				GCC_WARN_UNUSED_FUNCTION = YES;
				GCC_WARN_UNUSED_VARIABLE = YES;
				IPHONEOS_DEPLOYMENT_TARGET = 11.2;
				MTL_ENABLE_DEBUG_INFO = NO;
				SDKROOT = iphoneos;
				SWIFT_OPTIMIZATION_LEVEL = "-Owholemodule";
				VALIDATE_PRODUCT = YES;
			};
			name = Release;
		};
		9C1B3A7B20637F0300015159 /* Debug */ = {
			isa = XCBuildConfiguration;
			buildSettings = {
				ASSETCATALOG_COMPILER_APPICON_NAME = AppIcon;
				CODE_SIGN_STYLE = Automatic;
				DEVELOPMENT_TEAM = VUME5E88UU;
				INFOPLIST_FILE = FBMessanger/Info.plist;
				LD_RUNPATH_SEARCH_PATHS = "$(inherited) @executable_path/Frameworks";
				PRODUCT_NAME = "$(TARGET_NAME)";
				SWIFT_VERSION = 4.0;
				TARGETED_DEVICE_FAMILY = "1,2";
			};
			name = Debug;
		};
		9C1B3A7C20637F0300015159 /* Release */ = {
			isa = XCBuildConfiguration;
			buildSettings = {
				ASSETCATALOG_COMPILER_APPICON_NAME = AppIcon;
				CODE_SIGN_STYLE = Automatic;
				DEVELOPMENT_TEAM = VUME5E88UU;
				INFOPLIST_FILE = FBMessanger/Info.plist;
				LD_RUNPATH_SEARCH_PATHS = "$(inherited) @executable_path/Frameworks";
				PRODUCT_NAME = "$(TARGET_NAME)";
				SWIFT_VERSION = 4.0;
				TARGETED_DEVICE_FAMILY = "1,2";
			};
			name = Release;
		};
/* End XCBuildConfiguration section */

/* Begin XCConfigurationList section */
		9C1B3A6320637F0300015159 /* Build configuration list for PBXProject "FBMessanger" */ = {
			isa = XCConfigurationList;
			buildConfigurations = (
				9C1B3A7820637F0300015159 /* Debug */,
				9C1B3A7920637F0300015159 /* Release */,
			);
			defaultConfigurationIsVisible = 0;
			defaultConfigurationName = Release;
		};
		9C1B3A7A20637F0300015159 /* Build configuration list for PBXNativeTarget "FBMessanger" */ = {
			isa = XCConfigurationList;
			buildConfigurations = (
				9C1B3A7B20637F0300015159 /* Debug */,
				9C1B3A7C20637F0300015159 /* Release */,
			);
			defaultConfigurationIsVisible = 0;
			defaultConfigurationName = Release;
		};
/* End XCConfigurationList section */

/* Begin XCVersionGroup section */
		9C1B3A7F2063DBF600015159 /* FBMessanger.xcdatamodeld */ = {
			isa = XCVersionGroup;
			children = (
				9C1B3A802063DBF600015159 /* FBMessanger.xcdatamodel */,
			);
			currentVersion = 9C1B3A802063DBF600015159 /* FBMessanger.xcdatamodel */;
			path = FBMessanger.xcdatamodeld;
			sourceTree = "<group>";
			versionGroupType = wrapper.xcdatamodel;
		};
/* End XCVersionGroup section */
	};
	rootObject = 9C1B3A6020637F0300015159 /* Project object */;
}
